// !$*UTF8*$!
{
	archiveVersion = 1;
	classes = {
	};
	objectVersion = 56;
	objects = {

/* Begin PBXBuildFile section */
		3B07311F29BCEE1300ED73AF /* HomeCategoryTableViewCell.swift in Sources */ = {isa = PBXBuildFile; fileRef = 3B07311D29BCEE1300ED73AF /* HomeCategoryTableViewCell.swift */; };
		3B07312029BCEE1300ED73AF /* HomeCategoryTableViewCell.xib in Resources */ = {isa = PBXBuildFile; fileRef = 3B07311E29BCEE1300ED73AF /* HomeCategoryTableViewCell.xib */; };
		3B07312629BCEF5700ED73AF /* CategoryItemCollectionViewCell.swift in Sources */ = {isa = PBXBuildFile; fileRef = 3B07312429BCEF5700ED73AF /* CategoryItemCollectionViewCell.swift */; };
		3B07312729BCEF5700ED73AF /* CategoryItemCollectionViewCell.xib in Resources */ = {isa = PBXBuildFile; fileRef = 3B07312529BCEF5700ED73AF /* CategoryItemCollectionViewCell.xib */; };
		3B07312A29BCFA7E00ED73AF /* UIView+Extension.swift in Sources */ = {isa = PBXBuildFile; fileRef = 3B07312929BCFA7E00ED73AF /* UIView+Extension.swift */; };
		3B0FF98129BC741100A2F432 /* AppDelegate.swift in Sources */ = {isa = PBXBuildFile; fileRef = 3B0FF98029BC741100A2F432 /* AppDelegate.swift */; };
		3B0FF98329BC741100A2F432 /* SceneDelegate.swift in Sources */ = {isa = PBXBuildFile; fileRef = 3B0FF98229BC741100A2F432 /* SceneDelegate.swift */; };
		3B0FF98529BC741100A2F432 /* ViewController.swift in Sources */ = {isa = PBXBuildFile; fileRef = 3B0FF98429BC741100A2F432 /* ViewController.swift */; };
		3B0FF98829BC741100A2F432 /* Main.storyboard in Resources */ = {isa = PBXBuildFile; fileRef = 3B0FF98629BC741100A2F432 /* Main.storyboard */; };
		3B0FF98A29BC741200A2F432 /* Assets.xcassets in Resources */ = {isa = PBXBuildFile; fileRef = 3B0FF98929BC741200A2F432 /* Assets.xcassets */; };
		3B0FF98D29BC741200A2F432 /* LaunchScreen.storyboard in Resources */ = {isa = PBXBuildFile; fileRef = 3B0FF98B29BC741200A2F432 /* LaunchScreen.storyboard */; };
		3B0FF99829BC75B100A2F432 /* HomeHeaderTableViewCell.swift in Sources */ = {isa = PBXBuildFile; fileRef = 3B0FF99629BC75B100A2F432 /* HomeHeaderTableViewCell.swift */; };
		3B0FF99929BC75B100A2F432 /* HomeHeaderTableViewCell.xib in Resources */ = {isa = PBXBuildFile; fileRef = 3B0FF99729BC75B100A2F432 /* HomeHeaderTableViewCell.xib */; };
		3B0FF99F29BC84B000A2F432 /* HomeBannerTableViewCell.swift in Sources */ = {isa = PBXBuildFile; fileRef = 3B0FF99D29BC84B000A2F432 /* HomeBannerTableViewCell.swift */; };
		3B0FF9A029BC84B000A2F432 /* HomeBannerTableViewCell.xib in Resources */ = {isa = PBXBuildFile; fileRef = 3B0FF99E29BC84B000A2F432 /* HomeBannerTableViewCell.xib */; };
		3B0FF9A429BC878900A2F432 /* HomeDishesTableViewCell.swift in Sources */ = {isa = PBXBuildFile; fileRef = 3B0FF9A229BC878900A2F432 /* HomeDishesTableViewCell.swift */; };
		3B0FF9A529BC878900A2F432 /* HomeDishesTableViewCell.xib in Resources */ = {isa = PBXBuildFile; fileRef = 3B0FF9A329BC878900A2F432 /* HomeDishesTableViewCell.xib */; };
		3B0FF9A929BC8DF900A2F432 /* MealItemCollectionViewCell.swift in Sources */ = {isa = PBXBuildFile; fileRef = 3B0FF9A729BC8DF900A2F432 /* MealItemCollectionViewCell.swift */; };
		3B0FF9AA29BC8DF900A2F432 /* MealItemCollectionViewCell.xib in Resources */ = {isa = PBXBuildFile; fileRef = 3B0FF9A829BC8DF900A2F432 /* MealItemCollectionViewCell.xib */; };
/* End PBXBuildFile section */

/* Begin PBXFileReference section */
		3B07311D29BCEE1300ED73AF /* HomeCategoryTableViewCell.swift */ = {isa = PBXFileReference; lastKnownFileType = sourcecode.swift; path = HomeCategoryTableViewCell.swift; sourceTree = "<group>"; };
		3B07311E29BCEE1300ED73AF /* HomeCategoryTableViewCell.xib */ = {isa = PBXFileReference; lastKnownFileType = file.xib; path = HomeCategoryTableViewCell.xib; sourceTree = "<group>"; };
		3B07312429BCEF5700ED73AF /* CategoryItemCollectionViewCell.swift */ = {isa = PBXFileReference; lastKnownFileType = sourcecode.swift; path = CategoryItemCollectionViewCell.swift; sourceTree = "<group>"; };
		3B07312529BCEF5700ED73AF /* CategoryItemCollectionViewCell.xib */ = {isa = PBXFileReference; lastKnownFileType = file.xib; path = CategoryItemCollectionViewCell.xib; sourceTree = "<group>"; };
		3B07312929BCFA7E00ED73AF /* UIView+Extension.swift */ = {isa = PBXFileReference; lastKnownFileType = sourcecode.swift; path = "UIView+Extension.swift"; sourceTree = "<group>"; };
		3B0FF97D29BC741100A2F432 /* DemoLessonTableView.app */ = {isa = PBXFileReference; explicitFileType = wrapper.application; includeInIndex = 0; path = DemoLessonTableView.app; sourceTree = BUILT_PRODUCTS_DIR; };
		3B0FF98029BC741100A2F432 /* AppDelegate.swift */ = {isa = PBXFileReference; lastKnownFileType = sourcecode.swift; path = AppDelegate.swift; sourceTree = "<group>"; };
		3B0FF98229BC741100A2F432 /* SceneDelegate.swift */ = {isa = PBXFileReference; lastKnownFileType = sourcecode.swift; path = SceneDelegate.swift; sourceTree = "<group>"; };
		3B0FF98429BC741100A2F432 /* ViewController.swift */ = {isa = PBXFileReference; lastKnownFileType = sourcecode.swift; path = ViewController.swift; sourceTree = "<group>"; };
		3B0FF98729BC741100A2F432 /* Base */ = {isa = PBXFileReference; lastKnownFileType = file.storyboard; name = Base; path = Base.lproj/Main.storyboard; sourceTree = "<group>"; };
		3B0FF98929BC741200A2F432 /* Assets.xcassets */ = {isa = PBXFileReference; lastKnownFileType = folder.assetcatalog; path = Assets.xcassets; sourceTree = "<group>"; };
		3B0FF98C29BC741200A2F432 /* Base */ = {isa = PBXFileReference; lastKnownFileType = file.storyboard; name = Base; path = Base.lproj/LaunchScreen.storyboard; sourceTree = "<group>"; };
		3B0FF98E29BC741200A2F432 /* Info.plist */ = {isa = PBXFileReference; lastKnownFileType = text.plist.xml; path = Info.plist; sourceTree = "<group>"; };
		3B0FF99629BC75B100A2F432 /* HomeHeaderTableViewCell.swift */ = {isa = PBXFileReference; lastKnownFileType = sourcecode.swift; path = HomeHeaderTableViewCell.swift; sourceTree = "<group>"; };
		3B0FF99729BC75B100A2F432 /* HomeHeaderTableViewCell.xib */ = {isa = PBXFileReference; lastKnownFileType = file.xib; path = HomeHeaderTableViewCell.xib; sourceTree = "<group>"; };
		3B0FF99D29BC84B000A2F432 /* HomeBannerTableViewCell.swift */ = {isa = PBXFileReference; lastKnownFileType = sourcecode.swift; path = HomeBannerTableViewCell.swift; sourceTree = "<group>"; };
		3B0FF99E29BC84B000A2F432 /* HomeBannerTableViewCell.xib */ = {isa = PBXFileReference; lastKnownFileType = file.xib; path = HomeBannerTableViewCell.xib; sourceTree = "<group>"; };
		3B0FF9A229BC878900A2F432 /* HomeDishesTableViewCell.swift */ = {isa = PBXFileReference; lastKnownFileType = sourcecode.swift; path = HomeDishesTableViewCell.swift; sourceTree = "<group>"; };
		3B0FF9A329BC878900A2F432 /* HomeDishesTableViewCell.xib */ = {isa = PBXFileReference; lastKnownFileType = file.xib; path = HomeDishesTableViewCell.xib; sourceTree = "<group>"; };
		3B0FF9A729BC8DF900A2F432 /* MealItemCollectionViewCell.swift */ = {isa = PBXFileReference; lastKnownFileType = sourcecode.swift; path = MealItemCollectionViewCell.swift; sourceTree = "<group>"; };
		3B0FF9A829BC8DF900A2F432 /* MealItemCollectionViewCell.xib */ = {isa = PBXFileReference; lastKnownFileType = file.xib; path = MealItemCollectionViewCell.xib; sourceTree = "<group>"; };
/* End PBXFileReference section */

/* Begin PBXFrameworksBuildPhase section */
		3B0FF97A29BC741100A2F432 /* Frameworks */ = {
			isa = PBXFrameworksBuildPhase;
			buildActionMask = 2147483647;
			files = (
			);
			runOnlyForDeploymentPostprocessing = 0;
		};
/* End PBXFrameworksBuildPhase section */

/* Begin PBXGroup section */
		3B07311C29BCEDD900ED73AF /* HomeCategories */ = {
			isa = PBXGroup;
			children = (
				3B07312129BCEE1B00ED73AF /* CollectionViewCell */,
				3B07311D29BCEE1300ED73AF /* HomeCategoryTableViewCell.swift */,
				3B07311E29BCEE1300ED73AF /* HomeCategoryTableViewCell.xib */,
			);
			path = HomeCategories;
			sourceTree = "<group>";
		};
		3B07312129BCEE1B00ED73AF /* CollectionViewCell */ = {
			isa = PBXGroup;
			children = (
				3B07312429BCEF5700ED73AF /* CategoryItemCollectionViewCell.swift */,
				3B07312529BCEF5700ED73AF /* CategoryItemCollectionViewCell.xib */,
			);
			path = CollectionViewCell;
			sourceTree = "<group>";
		};
		3B07312829BCFA6400ED73AF /* Extensions */ = {
			isa = PBXGroup;
			children = (
				3B07312929BCFA7E00ED73AF /* UIView+Extension.swift */,
			);
			path = Extensions;
			sourceTree = "<group>";
		};
		3B07312B29BCFBBE00ED73AF /* Resources */ = {
			isa = PBXGroup;
			children = (
				3B0FF98029BC741100A2F432 /* AppDelegate.swift */,
				3B0FF98229BC741100A2F432 /* SceneDelegate.swift */,
				3B0FF98929BC741200A2F432 /* Assets.xcassets */,
			);
			path = Resources;
			sourceTree = "<group>";
		};
		3B0FF97429BC741100A2F432 = {
			isa = PBXGroup;
			children = (
				3B0FF97F29BC741100A2F432 /* DemoLessonTableView */,
				3B0FF97E29BC741100A2F432 /* Products */,
			);
			sourceTree = "<group>";
		};
		3B0FF97E29BC741100A2F432 /* Products */ = {
			isa = PBXGroup;
			children = (
				3B0FF97D29BC741100A2F432 /* DemoLessonTableView.app */,
			);
			name = Products;
			sourceTree = "<group>";
		};
		3B0FF97F29BC741100A2F432 /* DemoLessonTableView */ = {
			isa = PBXGroup;
			children = (
				3B07312B29BCFBBE00ED73AF /* Resources */,
				3B07312829BCFA6400ED73AF /* Extensions */,
				3B0FF99A29BC75CA00A2F432 /* HomeCells */,
				3B0FF98429BC741100A2F432 /* ViewController.swift */,
				3B0FF98629BC741100A2F432 /* Main.storyboard */,
				3B0FF98B29BC741200A2F432 /* LaunchScreen.storyboard */,
				3B0FF98E29BC741200A2F432 /* Info.plist */,
			);
			path = DemoLessonTableView;
			sourceTree = "<group>";
		};
		3B0FF99A29BC75CA00A2F432 /* HomeCells */ = {
			isa = PBXGroup;
			children = (
				3B0FF99B29BC848400A2F432 /* HomeHeader */,
				3B0FF99C29BC849800A2F432 /* HomeBanner */,
				3B0FF9A129BC874500A2F432 /* HomeDishes */,
				3B07311C29BCEDD900ED73AF /* HomeCategories */,
			);
			path = HomeCells;
			sourceTree = "<group>";
		};
		3B0FF99B29BC848400A2F432 /* HomeHeader */ = {
			isa = PBXGroup;
			children = (
				3B0FF99629BC75B100A2F432 /* HomeHeaderTableViewCell.swift */,
				3B0FF99729BC75B100A2F432 /* HomeHeaderTableViewCell.xib */,
			);
			path = HomeHeader;
			sourceTree = "<group>";
		};
		3B0FF99C29BC849800A2F432 /* HomeBanner */ = {
			isa = PBXGroup;
			children = (
				3B0FF99D29BC84B000A2F432 /* HomeBannerTableViewCell.swift */,
				3B0FF99E29BC84B000A2F432 /* HomeBannerTableViewCell.xib */,
			);
			path = HomeBanner;
			sourceTree = "<group>";
		};
		3B0FF9A129BC874500A2F432 /* HomeDishes */ = {
			isa = PBXGroup;
			children = (
				3B0FF9A629BC8DCE00A2F432 /* CollectionViewCell */,
				3B0FF9A229BC878900A2F432 /* HomeDishesTableViewCell.swift */,
				3B0FF9A329BC878900A2F432 /* HomeDishesTableViewCell.xib */,
			);
			path = HomeDishes;
			sourceTree = "<group>";
		};
		3B0FF9A629BC8DCE00A2F432 /* CollectionViewCell */ = {
			isa = PBXGroup;
			children = (
				3B0FF9A729BC8DF900A2F432 /* MealItemCollectionViewCell.swift */,
				3B0FF9A829BC8DF900A2F432 /* MealItemCollectionViewCell.xib */,
			);
			path = CollectionViewCell;
			sourceTree = "<group>";
		};
/* End PBXGroup section */

/* Begin PBXNativeTarget section */
		3B0FF97C29BC741100A2F432 /* DemoLessonTableView */ = {
			isa = PBXNativeTarget;
			buildConfigurationList = 3B0FF99129BC741200A2F432 /* Build configuration list for PBXNativeTarget "DemoLessonTableView" */;
			buildPhases = (
				3B0FF97929BC741100A2F432 /* Sources */,
				3B0FF97A29BC741100A2F432 /* Frameworks */,
				3B0FF97B29BC741100A2F432 /* Resources */,
			);
			buildRules = (
			);
			dependencies = (
			);
			name = DemoLessonTableView;
			productName = DemoLessonTableView;
			productReference = 3B0FF97D29BC741100A2F432 /* DemoLessonTableView.app */;
			productType = "com.apple.product-type.application";
		};
/* End PBXNativeTarget section */

/* Begin PBXProject section */
		3B0FF97529BC741100A2F432 /* Project object */ = {
			isa = PBXProject;
			attributes = {
				BuildIndependentTargetsInParallel = 1;
				LastSwiftUpdateCheck = 1420;
				LastUpgradeCheck = 1420;
				TargetAttributes = {
					3B0FF97C29BC741100A2F432 = {
						CreatedOnToolsVersion = 14.2;
					};
				};
			};
			buildConfigurationList = 3B0FF97829BC741100A2F432 /* Build configuration list for PBXProject "DemoLessonTableView" */;
			compatibilityVersion = "Xcode 14.0";
			developmentRegion = en;
			hasScannedForEncodings = 0;
			knownRegions = (
				en,
				Base,
			);
			mainGroup = 3B0FF97429BC741100A2F432;
			productRefGroup = 3B0FF97E29BC741100A2F432 /* Products */;
			projectDirPath = "";
			projectRoot = "";
			targets = (
				3B0FF97C29BC741100A2F432 /* DemoLessonTableView */,
			);
		};
/* End PBXProject section */

/* Begin PBXResourcesBuildPhase section */
		3B0FF97B29BC741100A2F432 /* Resources */ = {
			isa = PBXResourcesBuildPhase;
			buildActionMask = 2147483647;
			files = (
				3B07312029BCEE1300ED73AF /* HomeCategoryTableViewCell.xib in Resources */,
				3B0FF9AA29BC8DF900A2F432 /* MealItemCollectionViewCell.xib in Resources */,
				3B0FF9A029BC84B000A2F432 /* HomeBannerTableViewCell.xib in Resources */,
				3B0FF98D29BC741200A2F432 /* LaunchScreen.storyboard in Resources */,
				3B0FF99929BC75B100A2F432 /* HomeHeaderTableViewCell.xib in Resources */,
				3B0FF98A29BC741200A2F432 /* Assets.xcassets in Resources */,
				3B0FF9A529BC878900A2F432 /* HomeDishesTableViewCell.xib in Resources */,
				3B07312729BCEF5700ED73AF /* CategoryItemCollectionViewCell.xib in Resources */,
				3B0FF98829BC741100A2F432 /* Main.storyboard in Resources */,
			);
			runOnlyForDeploymentPostprocessing = 0;
		};
/* End PBXResourcesBuildPhase section */

/* Begin PBXSourcesBuildPhase section */
		3B0FF97929BC741100A2F432 /* Sources */ = {
			isa = PBXSourcesBuildPhase;
			buildActionMask = 2147483647;
			files = (
				3B0FF98529BC741100A2F432 /* ViewController.swift in Sources */,
				3B07312629BCEF5700ED73AF /* CategoryItemCollectionViewCell.swift in Sources */,
				3B0FF99F29BC84B000A2F432 /* HomeBannerTableViewCell.swift in Sources */,
				3B0FF9A429BC878900A2F432 /* HomeDishesTableViewCell.swift in Sources */,
				3B0FF9A929BC8DF900A2F432 /* MealItemCollectionViewCell.swift in Sources */,
				3B07311F29BCEE1300ED73AF /* HomeCategoryTableViewCell.swift in Sources */,
				3B0FF99829BC75B100A2F432 /* HomeHeaderTableViewCell.swift in Sources */,
				3B0FF98129BC741100A2F432 /* AppDelegate.swift in Sources */,
				3B07312A29BCFA7E00ED73AF /* UIView+Extension.swift in Sources */,
				3B0FF98329BC741100A2F432 /* SceneDelegate.swift in Sources */,
			);
			runOnlyForDeploymentPostprocessing = 0;
		};
/* End PBXSourcesBuildPhase section */

/* Begin PBXVariantGroup section */
		3B0FF98629BC741100A2F432 /* Main.storyboard */ = {
			isa = PBXVariantGroup;
			children = (
				3B0FF98729BC741100A2F432 /* Base */,
			);
			name = Main.storyboard;
			sourceTree = "<group>";
		};
		3B0FF98B29BC741200A2F432 /* LaunchScreen.storyboard */ = {
			isa = PBXVariantGroup;
			children = (
				3B0FF98C29BC741200A2F432 /* Base */,
			);
			name = LaunchScreen.storyboard;
			sourceTree = "<group>";
		};
/* End PBXVariantGroup section */

/* Begin XCBuildConfiguration section */
		3B0FF98F29BC741200A2F432 /* Debug */ = {
			isa = XCBuildConfiguration;
			buildSettings = {
				ALWAYS_SEARCH_USER_PATHS = NO;
				CLANG_ANALYZER_NONNULL = YES;
				CLANG_ANALYZER_NUMBER_OBJECT_CONVERSION = YES_AGGRESSIVE;
				CLANG_CXX_LANGUAGE_STANDARD = "gnu++20";
				CLANG_ENABLE_MODULES = YES;
				CLANG_ENABLE_OBJC_ARC = YES;
				CLANG_ENABLE_OBJC_WEAK = YES;
				CLANG_WARN_BLOCK_CAPTURE_AUTORELEASING = YES;
				CLANG_WARN_BOOL_CONVERSION = YES;
				CLANG_WARN_COMMA = YES;
				CLANG_WARN_CONSTANT_CONVERSION = YES;
				CLANG_WARN_DEPRECATED_OBJC_IMPLEMENTATIONS = YES;
				CLANG_WARN_DIRECT_OBJC_ISA_USAGE = YES_ERROR;
				CLANG_WARN_DOCUMENTATION_COMMENTS = YES;
				CLANG_WARN_EMPTY_BODY = YES;
				CLANG_WARN_ENUM_CONVERSION = YES;
				CLANG_WARN_INFINITE_RECURSION = YES;
				CLANG_WARN_INT_CONVERSION = YES;
				CLANG_WARN_NON_LITERAL_NULL_CONVERSION = YES;
				CLANG_WARN_OBJC_IMPLICIT_RETAIN_SELF = YES;
				CLANG_WARN_OBJC_LITERAL_CONVERSION = YES;
				CLANG_WARN_OBJC_ROOT_CLASS = YES_ERROR;
				CLANG_WARN_QUOTED_INCLUDE_IN_FRAMEWORK_HEADER = YES;
				CLANG_WARN_RANGE_LOOP_ANALYSIS = YES;
				CLANG_WARN_STRICT_PROTOTYPES = YES;
				CLANG_WARN_SUSPICIOUS_MOVE = YES;
				CLANG_WARN_UNGUARDED_AVAILABILITY = YES_AGGRESSIVE;
				CLANG_WARN_UNREACHABLE_CODE = YES;
				CLANG_WARN__DUPLICATE_METHOD_MATCH = YES;
				COPY_PHASE_STRIP = NO;
				DEBUG_INFORMATION_FORMAT = dwarf;
				ENABLE_STRICT_OBJC_MSGSEND = YES;
				ENABLE_TESTABILITY = YES;
				GCC_C_LANGUAGE_STANDARD = gnu11;
				GCC_DYNAMIC_NO_PIC = NO;
				GCC_NO_COMMON_BLOCKS = YES;
				GCC_OPTIMIZATION_LEVEL = 0;
				GCC_PREPROCESSOR_DEFINITIONS = (
					"DEBUG=1",
					"$(inherited)",
				);
				GCC_WARN_64_TO_32_BIT_CONVERSION = YES;
				GCC_WARN_ABOUT_RETURN_TYPE = YES_ERROR;
				GCC_WARN_UNDECLARED_SELECTOR = YES;
				GCC_WARN_UNINITIALIZED_AUTOS = YES_AGGRESSIVE;
				GCC_WARN_UNUSED_FUNCTION = YES;
				GCC_WARN_UNUSED_VARIABLE = YES;
				IPHONEOS_DEPLOYMENT_TARGET = 16.2;
				MTL_ENABLE_DEBUG_INFO = INCLUDE_SOURCE;
				MTL_FAST_MATH = YES;
				ONLY_ACTIVE_ARCH = YES;
				SDKROOT = iphoneos;
				SWIFT_ACTIVE_COMPILATION_CONDITIONS = DEBUG;
				SWIFT_OPTIMIZATION_LEVEL = "-Onone";
			};
			name = Debug;
		};
		3B0FF99029BC741200A2F432 /* Release */ = {
			isa = XCBuildConfiguration;
			buildSettings = {
				ALWAYS_SEARCH_USER_PATHS = NO;
				CLANG_ANALYZER_NONNULL = YES;
				CLANG_ANALYZER_NUMBER_OBJECT_CONVERSION = YES_AGGRESSIVE;
				CLANG_CXX_LANGUAGE_STANDARD = "gnu++20";
				CLANG_ENABLE_MODULES = YES;
				CLANG_ENABLE_OBJC_ARC = YES;
				CLANG_ENABLE_OBJC_WEAK = YES;
				CLANG_WARN_BLOCK_CAPTURE_AUTORELEASING = YES;
				CLANG_WARN_BOOL_CONVERSION = YES;
				CLANG_WARN_COMMA = YES;
				CLANG_WARN_CONSTANT_CONVERSION = YES;
				CLANG_WARN_DEPRECATED_OBJC_IMPLEMENTATIONS = YES;
				CLANG_WARN_DIRECT_OBJC_ISA_USAGE = YES_ERROR;
				CLANG_WARN_DOCUMENTATION_COMMENTS = YES;
				CLANG_WARN_EMPTY_BODY = YES;
				CLANG_WARN_ENUM_CONVERSION = YES;
				CLANG_WARN_INFINITE_RECURSION = YES;
				CLANG_WARN_INT_CONVERSION = YES;
				CLANG_WARN_NON_LITERAL_NULL_CONVERSION = YES;
				CLANG_WARN_OBJC_IMPLICIT_RETAIN_SELF = YES;
				CLANG_WARN_OBJC_LITERAL_CONVERSION = YES;
				CLANG_WARN_OBJC_ROOT_CLASS = YES_ERROR;
				CLANG_WARN_QUOTED_INCLUDE_IN_FRAMEWORK_HEADER = YES;
				CLANG_WARN_RANGE_LOOP_ANALYSIS = YES;
				CLANG_WARN_STRICT_PROTOTYPES = YES;
				CLANG_WARN_SUSPICIOUS_MOVE = YES;
				CLANG_WARN_UNGUARDED_AVAILABILITY = YES_AGGRESSIVE;
				CLANG_WARN_UNREACHABLE_CODE = YES;
				CLANG_WARN__DUPLICATE_METHOD_MATCH = YES;
				COPY_PHASE_STRIP = NO;
				DEBUG_INFORMATION_FORMAT = "dwarf-with-dsym";
				ENABLE_NS_ASSERTIONS = NO;
				ENABLE_STRICT_OBJC_MSGSEND = YES;
				GCC_C_LANGUAGE_STANDARD = gnu11;
				GCC_NO_COMMON_BLOCKS = YES;
				GCC_WARN_64_TO_32_BIT_CONVERSION = YES;
				GCC_WARN_ABOUT_RETURN_TYPE = YES_ERROR;
				GCC_WARN_UNDECLARED_SELECTOR = YES;
				GCC_WARN_UNINITIALIZED_AUTOS = YES_AGGRESSIVE;
				GCC_WARN_UNUSED_FUNCTION = YES;
				GCC_WARN_UNUSED_VARIABLE = YES;
				IPHONEOS_DEPLOYMENT_TARGET = 16.2;
				MTL_ENABLE_DEBUG_INFO = NO;
				MTL_FAST_MATH = YES;
				SDKROOT = iphoneos;
				SWIFT_COMPILATION_MODE = wholemodule;
				SWIFT_OPTIMIZATION_LEVEL = "-O";
				VALIDATE_PRODUCT = YES;
			};
			name = Release;
		};
		3B0FF99229BC741200A2F432 /* Debug */ = {
			isa = XCBuildConfiguration;
			buildSettings = {
				ASSETCATALOG_COMPILER_APPICON_NAME = AppIcon;
				ASSETCATALOG_COMPILER_GLOBAL_ACCENT_COLOR_NAME = AccentColor;
				CODE_SIGN_STYLE = Automatic;
				CURRENT_PROJECT_VERSION = 1;
				GENERATE_INFOPLIST_FILE = YES;
				INFOPLIST_FILE = DemoLessonTableView/Info.plist;
				INFOPLIST_KEY_UIApplicationSupportsIndirectInputEvents = YES;
				INFOPLIST_KEY_UILaunchStoryboardName = LaunchScreen;
				INFOPLIST_KEY_UIMainStoryboardFile = Main;
				INFOPLIST_KEY_UISupportedInterfaceOrientations_iPad = "UIInterfaceOrientationPortrait UIInterfaceOrientationPortraitUpsideDown UIInterfaceOrientationLandscapeLeft UIInterfaceOrientationLandscapeRight";
				INFOPLIST_KEY_UISupportedInterfaceOrientations_iPhone = "UIInterfaceOrientationPortrait UIInterfaceOrientationLandscapeLeft UIInterfaceOrientationLandscapeRight";
				LD_RUNPATH_SEARCH_PATHS = (
					"$(inherited)",
					"@executable_path/Frameworks",
				);
				MARKETING_VERSION = 1.0;
				PRODUCT_BUNDLE_IDENTIFIER = com.nihadallahveranov.DemoLessonTableView;
				PRODUCT_NAME = "$(TARGET_NAME)";
				SWIFT_EMIT_LOC_STRINGS = YES;
				SWIFT_VERSION = 5.0;
				TARGETED_DEVICE_FAMILY = "1,2";
			};
			name = Debug;
		};
		3B0FF99329BC741200A2F432 /* Release */ = {
			isa = XCBuildConfiguration;
			buildSettings = {
				ASSETCATALOG_COMPILER_APPICON_NAME = AppIcon;
				ASSETCATALOG_COMPILER_GLOBAL_ACCENT_COLOR_NAME = AccentColor;
				CODE_SIGN_STYLE = Automatic;
				CURRENT_PROJECT_VERSION = 1;
				GENERATE_INFOPLIST_FILE = YES;
				INFOPLIST_FILE = DemoLessonTableView/Info.plist;
				INFOPLIST_KEY_UIApplicationSupportsIndirectInputEvents = YES;
				INFOPLIST_KEY_UILaunchStoryboardName = LaunchScreen;
				INFOPLIST_KEY_UIMainStoryboardFile = Main;
				INFOPLIST_KEY_UISupportedInterfaceOrientations_iPad = "UIInterfaceOrientationPortrait UIInterfaceOrientationPortraitUpsideDown UIInterfaceOrientationLandscapeLeft UIInterfaceOrientationLandscapeRight";
				INFOPLIST_KEY_UISupportedInterfaceOrientations_iPhone = "UIInterfaceOrientationPortrait UIInterfaceOrientationLandscapeLeft UIInterfaceOrientationLandscapeRight";
				LD_RUNPATH_SEARCH_PATHS = (
					"$(inherited)",
					"@executable_path/Frameworks",
				);
				MARKETING_VERSION = 1.0;
				PRODUCT_BUNDLE_IDENTIFIER = com.nihadallahveranov.DemoLessonTableView;
				PRODUCT_NAME = "$(TARGET_NAME)";
				SWIFT_EMIT_LOC_STRINGS = YES;
				SWIFT_VERSION = 5.0;
				TARGETED_DEVICE_FAMILY = "1,2";
			};
			name = Release;
		};
/* End XCBuildConfiguration section */

/* Begin XCConfigurationList section */
		3B0FF97829BC741100A2F432 /* Build configuration list for PBXProject "DemoLessonTableView" */ = {
			isa = XCConfigurationList;
			buildConfigurations = (
				3B0FF98F29BC741200A2F432 /* Debug */,
				3B0FF99029BC741200A2F432 /* Release */,
			);
			defaultConfigurationIsVisible = 0;
			defaultConfigurationName = Release;
		};
		3B0FF99129BC741200A2F432 /* Build configuration list for PBXNativeTarget "DemoLessonTableView" */ = {
			isa = XCConfigurationList;
			buildConfigurations = (
				3B0FF99229BC741200A2F432 /* Debug */,
				3B0FF99329BC741200A2F432 /* Release */,
			);
			defaultConfigurationIsVisible = 0;
			defaultConfigurationName = Release;
		};
/* End XCConfigurationList section */
	};
	rootObject = 3B0FF97529BC741100A2F432 /* Project object */;
}
